
Microsoft Visual Studio Solution File, Format Version 12.00
# Visual Studio Version 17
VisualStudioVersion = 17.2.32505.173
MinimumVisualStudioVersion = 10.0.40219.1
Project("{FAE04EC0-301F-11D3-BF4B-00C04F79EFBC}") = "WebApplication1", "WebApplication1\WebApplication1.csproj", "{6017491F-442F-4DA4-8271-3EB781FCB57E}"
EndProject
Global
	GlobalSection(SolutionConfigurationPlatforms) = preSolution
		Debug|Any CPU = Debug|Any CPU
		Release|Any CPU = Release|Any CPU
	EndGlobalSection
	GlobalSection(ProjectConfigurationPlatforms) = postSolution
		{6017491F-442F-4DA4-8271-3EB781FCB57E}.Debug|Any CPU.ActiveCfg = Debug|Any CPU
		{6017491F-442F-4DA4-8271-3EB781FCB57E}.Debug|Any CPU.Build.0 = Debug|Any CPU
		{6017491F-442F-4DA4-8271-3EB781FCB57E}.Release|Any CPU.ActiveCfg = Release|Any CPU
		{6017491F-442F-4DA4-8271-3EB781FCB57E}.Release|Any CPU.Build.0 = Release|Any CPU
	EndGlobalSection
	GlobalSection(SolutionProperties) = preSolution
		HideSolutionNode = FALSE
	EndGlobalSection
	GlobalSection(ExtensibilityGlobals) = postSolution
		SolutionGuid = {31B916A6-479D-407A-B850-A5D1231282D8}
	EndGlobalSection
EndGlobal
